{
  "object": {
    "pins": [
      {
        "package": "AssessmentModel",
        "repositoryURL": "https://github.com/BiAffectBridge/AssessmentModel-Swift.git",
        "state": {
          "branch": null,
          "revision": "0d9f9dc99d16372b1936f30ce0fe2d831efd067d",
          "version": "1.2.1"
        }
      },
      {
        "package": "JsonModel",
        "repositoryURL": "https://github.com/BiAffectBridge/JsonModel-Swift.git",
        "state": {
          "branch": null,
          "revision": "6906a744d80481128bd88471890ec38eeda1bd76",
          "version": "2.5.0"
        }
      },
      {
        "package": "MobilePassiveData",
        "repositoryURL": "https://github.com/BiAffectBridge/MobilePassiveData-Swift.git",
        "state": {
          "branch": null,
          "revision": "b0c9b79f17b198a0398b7bda3bdf80045a9cd422",
          "version": "1.7.1"
        }
      }
    ]
  },
  "version": 1
}
