{
  "object": {
    "pins": [
      {
        "package": "AssessmentModel",
        "repositoryURL": "https://github.com/Sage-Bionetworks/AssessmentModelKMM.git",
        "state": {
          "branch": null,
          "revision": "850d98c99152139160287126c20881b214fef2fb",
          "version": "0.7.5"
        }
      },
      {
        "package": "JsonModel",
        "repositoryURL": "https://github.com/Sage-Bionetworks/JsonModel-Swift.git",
        "state": {
          "branch": null,
          "revision": "dcce83598aa1e81478b6bd9adee38c8ed167665b",
          "version": "1.4.9"
        }
      },
      {
        "package": "MobilePassiveData",
        "repositoryURL": "https://github.com/Sage-Bionetworks/MobilePassiveData-SDK.git",
        "state": {
          "branch": null,
          "revision": "9c48602422ff2de9404112b9f2ed98c0a9ca2c44",
          "version": "1.2.4"
        }
      },
      {
        "package": "SharedMobileUI",
        "repositoryURL": "https://github.com/Sage-Bionetworks/SharedMobileUI-AppleOS.git",
        "state": {
          "branch": null,
          "revision": "a3c4ff73d2b222d5a246f617d5c2b062eb3abfe4",
          "version": "0.17.0"
        }
      }
    ]
  },
  "version": 1
}
