// !$*UTF8*$!
{
	archiveVersion = 1;
	classes = {
	};
	objectVersion = 55;
	objects = {

/* Begin PBXBuildFile section */
		FF069A7828505D20001AE136 /* MobilePassiveData in Frameworks */ = {isa = PBXBuildFile; productRef = FF069A7728505D20001AE136 /* MobilePassiveData */; };
		FF069A7A28505D20001AE136 /* MotionSensor in Frameworks */ = {isa = PBXBuildFile; productRef = FF069A7928505D20001AE136 /* MotionSensor */; };
		FF069A7D28505D3A001AE136 /* AssessmentModel in Frameworks */ = {isa = PBXBuildFile; productRef = FF069A7C28505D3A001AE136 /* AssessmentModel */; };
		FF069A7F28505D3A001AE136 /* AssessmentModelUI in Frameworks */ = {isa = PBXBuildFile; productRef = FF069A7E28505D3A001AE136 /* AssessmentModelUI */; };
		FF069A81285252F7001AE136 /* README.md in Resources */ = {isa = PBXBuildFile; fileRef = FF069A80285252F6001AE136 /* README.md */; };
		FF8C8C3C284FB762008DCBB4 /* BiAffectPreviewApp.swift in Sources */ = {isa = PBXBuildFile; fileRef = FF8C8C3B284FB762008DCBB4 /* BiAffectPreviewApp.swift */; };
		FF8C8C3E284FB762008DCBB4 /* ContentView.swift in Sources */ = {isa = PBXBuildFile; fileRef = FF8C8C3D284FB762008DCBB4 /* ContentView.swift */; };
		FF8C8C40284FB765008DCBB4 /* Assets.xcassets in Resources */ = {isa = PBXBuildFile; fileRef = FF8C8C3F284FB765008DCBB4 /* Assets.xcassets */; };
		FF8C8C43284FB765008DCBB4 /* Preview Assets.xcassets in Resources */ = {isa = PBXBuildFile; fileRef = FF8C8C42284FB765008DCBB4 /* Preview Assets.xcassets */; };
		FFB9645B2852752F000BF8CB /* BridgeClient in Frameworks */ = {isa = PBXBuildFile; productRef = FFB9645A2852752F000BF8CB /* BridgeClient */; };
		FFBF8B89284FBDC800D0FDBA /* Trail_Making.json in Resources */ = {isa = PBXBuildFile; fileRef = FFBF8B85284FBDC700D0FDBA /* Trail_Making.json */; };
		FFBF8B8A284FBDC800D0FDBA /* Go-No-Go.json in Resources */ = {isa = PBXBuildFile; fileRef = FFBF8B86284FBDC700D0FDBA /* Go-No-Go.json */; };
		FFBF8B8B284FBDC800D0FDBA /* Images.xcassets in Resources */ = {isa = PBXBuildFile; fileRef = FFBF8B87284FBDC700D0FDBA /* Images.xcassets */; };
		FFBF8B8C284FBDC800D0FDBA /* BiAffectSDK.swift in Sources */ = {isa = PBXBuildFile; fileRef = FFBF8B88284FBDC700D0FDBA /* BiAffectSDK.swift */; };
		FFBF8B8F284FBECA00D0FDBA /* PrivateKeys in Frameworks */ = {isa = PBXBuildFile; productRef = FFBF8B8E284FBECA00D0FDBA /* PrivateKeys */; };
		FFBF8BAE284FC49000D0FDBA /* Launch.storyboard in Resources */ = {isa = PBXBuildFile; fileRef = FFBF8BAD284FC49000D0FDBA /* Launch.storyboard */; };
		FFBF8BBE284FC58200D0FDBA /* LoginView.swift in Sources */ = {isa = PBXBuildFile; fileRef = FFBF8BBD284FC58200D0FDBA /* LoginView.swift */; };
		FFBF8BC0284FC5A700D0FDBA /* OnboardingView.swift in Sources */ = {isa = PBXBuildFile; fileRef = FFBF8BBF284FC5A700D0FDBA /* OnboardingView.swift */; };
		FFBF8BC4284FC5D100D0FDBA /* MainView.swift in Sources */ = {isa = PBXBuildFile; fileRef = FFBF8BC3284FC5D100D0FDBA /* MainView.swift */; };
		FFBF8BC5284FC60000D0FDBA /* LaunchView.swift in Sources */ = {isa = PBXBuildFile; fileRef = FFBF8BC2284FC5BF00D0FDBA /* LaunchView.swift */; };
		FFBF8BC9284FFADC00D0FDBA /* BiAffectAssessmentView.swift in Sources */ = {isa = PBXBuildFile; fileRef = FFBF8BC8284FFADC00D0FDBA /* BiAffectAssessmentView.swift */; };
/* End PBXBuildFile section */

/* Begin PBXFileReference section */
		FF069A80285252F6001AE136 /* README.md */ = {isa = PBXFileReference; fileEncoding = 4; lastKnownFileType = net.daringfireball.markdown; path = README.md; sourceTree = "<group>"; };
		FF8C8C38284FB762008DCBB4 /* BiAffectPreview.app */ = {isa = PBXFileReference; explicitFileType = wrapper.application; includeInIndex = 0; path = BiAffectPreview.app; sourceTree = BUILT_PRODUCTS_DIR; };
		FF8C8C3B284FB762008DCBB4 /* BiAffectPreviewApp.swift */ = {isa = PBXFileReference; lastKnownFileType = sourcecode.swift; path = BiAffectPreviewApp.swift; sourceTree = "<group>"; };
		FF8C8C3D284FB762008DCBB4 /* ContentView.swift */ = {isa = PBXFileReference; lastKnownFileType = sourcecode.swift; path = ContentView.swift; sourceTree = "<group>"; };
		FF8C8C3F284FB765008DCBB4 /* Assets.xcassets */ = {isa = PBXFileReference; lastKnownFileType = folder.assetcatalog; path = Assets.xcassets; sourceTree = "<group>"; };
		FF8C8C42284FB765008DCBB4 /* Preview Assets.xcassets */ = {isa = PBXFileReference; lastKnownFileType = folder.assetcatalog; path = "Preview Assets.xcassets"; sourceTree = "<group>"; };
		FFBF8B85284FBDC700D0FDBA /* Trail_Making.json */ = {isa = PBXFileReference; fileEncoding = 4; lastKnownFileType = text.json; path = Trail_Making.json; sourceTree = "<group>"; };
		FFBF8B86284FBDC700D0FDBA /* Go-No-Go.json */ = {isa = PBXFileReference; fileEncoding = 4; lastKnownFileType = text.json; path = "Go-No-Go.json"; sourceTree = "<group>"; };
		FFBF8B87284FBDC700D0FDBA /* Images.xcassets */ = {isa = PBXFileReference; lastKnownFileType = folder.assetcatalog; path = Images.xcassets; sourceTree = "<group>"; };
		FFBF8B88284FBDC700D0FDBA /* BiAffectSDK.swift */ = {isa = PBXFileReference; fileEncoding = 4; lastKnownFileType = sourcecode.swift; path = BiAffectSDK.swift; sourceTree = "<group>"; };
		FFBF8BAD284FC49000D0FDBA /* Launch.storyboard */ = {isa = PBXFileReference; fileEncoding = 4; lastKnownFileType = file.storyboard; name = Launch.storyboard; path = "../../../MobileToolboxApp-iOS/MobileToolboxApp/Resources/Launch.storyboard"; sourceTree = "<group>"; };
		FFBF8BBD284FC58200D0FDBA /* LoginView.swift */ = {isa = PBXFileReference; lastKnownFileType = sourcecode.swift; path = LoginView.swift; sourceTree = "<group>"; };
		FFBF8BBF284FC5A700D0FDBA /* OnboardingView.swift */ = {isa = PBXFileReference; lastKnownFileType = sourcecode.swift; path = OnboardingView.swift; sourceTree = "<group>"; };
		FFBF8BC2284FC5BF00D0FDBA /* LaunchView.swift */ = {isa = PBXFileReference; lastKnownFileType = sourcecode.swift; path = LaunchView.swift; sourceTree = "<group>"; };
		FFBF8BC3284FC5D100D0FDBA /* MainView.swift */ = {isa = PBXFileReference; lastKnownFileType = sourcecode.swift; path = MainView.swift; sourceTree = "<group>"; };
		FFBF8BC6284FCCF000D0FDBA /* Info.plist */ = {isa = PBXFileReference; lastKnownFileType = text.plist; path = Info.plist; sourceTree = "<group>"; };
		FFBF8BC8284FFADC00D0FDBA /* BiAffectAssessmentView.swift */ = {isa = PBXFileReference; lastKnownFileType = sourcecode.swift; path = BiAffectAssessmentView.swift; sourceTree = "<group>"; };
/* End PBXFileReference section */

/* Begin PBXFrameworksBuildPhase section */
		FF8C8C35284FB762008DCBB4 /* Frameworks */ = {
			isa = PBXFrameworksBuildPhase;
			buildActionMask = 2147483647;
			files = (
				FFB9645B2852752F000BF8CB /* BridgeClient in Frameworks */,
				FF069A7A28505D20001AE136 /* MotionSensor in Frameworks */,
				FF069A7828505D20001AE136 /* MobilePassiveData in Frameworks */,
				FFBF8B8F284FBECA00D0FDBA /* PrivateKeys in Frameworks */,
				FF069A7F28505D3A001AE136 /* AssessmentModelUI in Frameworks */,
				FF069A7D28505D3A001AE136 /* AssessmentModel in Frameworks */,
			);
			runOnlyForDeploymentPostprocessing = 0;
		};
/* End PBXFrameworksBuildPhase section */

/* Begin PBXGroup section */
		FF8C8C2F284FB762008DCBB4 = {
			isa = PBXGroup;
			children = (
				FF069A80285252F6001AE136 /* README.md */,
				FF8C8C3A284FB762008DCBB4 /* BiAffectPreview */,
				FF8C8C39284FB762008DCBB4 /* Products */,
				FFBF8BAA284FC18A00D0FDBA /* Frameworks */,
			);
			sourceTree = "<group>";
		};
		FF8C8C39284FB762008DCBB4 /* Products */ = {
			isa = PBXGroup;
			children = (
				FF8C8C38284FB762008DCBB4 /* BiAffectPreview.app */,
			);
			name = Products;
			sourceTree = "<group>";
		};
		FF8C8C3A284FB762008DCBB4 /* BiAffectPreview */ = {
			isa = PBXGroup;
			children = (
				FFBF8BC6284FCCF000D0FDBA /* Info.plist */,
				FFBF8B82284FBDC700D0FDBA /* BiAffectSDK */,
				FF8C8C3B284FB762008DCBB4 /* BiAffectPreviewApp.swift */,
				FF8C8C3D284FB762008DCBB4 /* ContentView.swift */,
				FFBF8BC1284FC5BE00D0FDBA /* Views */,
				FFBF8BAD284FC49000D0FDBA /* Launch.storyboard */,
				FF8C8C3F284FB765008DCBB4 /* Assets.xcassets */,
				FF8C8C41284FB765008DCBB4 /* Preview Content */,
			);
			path = BiAffectPreview;
			sourceTree = "<group>";
		};
		FF8C8C41284FB765008DCBB4 /* Preview Content */ = {
			isa = PBXGroup;
			children = (
				FF8C8C42284FB765008DCBB4 /* Preview Assets.xcassets */,
			);
			path = "Preview Content";
			sourceTree = "<group>";
		};
		FFBF8B82284FBDC700D0FDBA /* BiAffectSDK */ = {
			isa = PBXGroup;
			children = (
				FFBF8B83284FBDC700D0FDBA /* Resources */,
				FFBF8BC7284FFAB500D0FDBA /* Views */,
				FFBF8B88284FBDC700D0FDBA /* BiAffectSDK.swift */,
			);
			name = BiAffectSDK;
			path = ../../Sources/BiAffectSDK;
			sourceTree = "<group>";
		};
		FFBF8B83284FBDC700D0FDBA /* Resources */ = {
			isa = PBXGroup;
			children = (
				FFBF8B84284FBDC700D0FDBA /* Json */,
				FFBF8B87284FBDC700D0FDBA /* Images.xcassets */,
			);
			path = Resources;
			sourceTree = "<group>";
		};
		FFBF8B84284FBDC700D0FDBA /* Json */ = {
			isa = PBXGroup;
			children = (
				FFBF8B85284FBDC700D0FDBA /* Trail_Making.json */,
				FFBF8B86284FBDC700D0FDBA /* Go-No-Go.json */,
			);
			path = Json;
			sourceTree = "<group>";
		};
		FFBF8BAA284FC18A00D0FDBA /* Frameworks */ = {
			isa = PBXGroup;
			children = (
			);
			name = Frameworks;
			sourceTree = "<group>";
		};
		FFBF8BC1284FC5BE00D0FDBA /* Views */ = {
			isa = PBXGroup;
			children = (
				FFBF8BC2284FC5BF00D0FDBA /* LaunchView.swift */,
				FFBF8BBD284FC58200D0FDBA /* LoginView.swift */,
				FFBF8BC3284FC5D100D0FDBA /* MainView.swift */,
				FFBF8BBF284FC5A700D0FDBA /* OnboardingView.swift */,
			);
			path = Views;
			sourceTree = "<group>";
		};
		FFBF8BC7284FFAB500D0FDBA /* Views */ = {
			isa = PBXGroup;
			children = (
				FFBF8BC8284FFADC00D0FDBA /* BiAffectAssessmentView.swift */,
			);
			path = Views;
			sourceTree = "<group>";
		};
/* End PBXGroup section */

/* Begin PBXNativeTarget section */
		FF8C8C37284FB762008DCBB4 /* BiAffectPreview */ = {
			isa = PBXNativeTarget;
			buildConfigurationList = FF8C8C46284FB765008DCBB4 /* Build configuration list for PBXNativeTarget "BiAffectPreview" */;
			buildPhases = (
				FF8C8C34284FB762008DCBB4 /* Sources */,
				FF8C8C35284FB762008DCBB4 /* Frameworks */,
				FF8C8C36284FB762008DCBB4 /* Resources */,
			);
			buildRules = (
			);
			dependencies = (
			);
			name = BiAffectPreview;
			packageProductDependencies = (
				FFBF8B8E284FBECA00D0FDBA /* PrivateKeys */,
				FF069A7728505D20001AE136 /* MobilePassiveData */,
				FF069A7928505D20001AE136 /* MotionSensor */,
				FF069A7C28505D3A001AE136 /* AssessmentModel */,
				FF069A7E28505D3A001AE136 /* AssessmentModelUI */,
				FFB9645A2852752F000BF8CB /* BridgeClient */,
			);
			productName = BiAffectPreview;
			productReference = FF8C8C38284FB762008DCBB4 /* BiAffectPreview.app */;
			productType = "com.apple.product-type.application";
		};
/* End PBXNativeTarget section */

/* Begin PBXProject section */
		FF8C8C30284FB762008DCBB4 /* Project object */ = {
			isa = PBXProject;
			attributes = {
				BuildIndependentTargetsInParallel = 1;
				LastSwiftUpdateCheck = 1320;
				LastUpgradeCheck = 1320;
				TargetAttributes = {
					FF8C8C37284FB762008DCBB4 = {
						CreatedOnToolsVersion = 13.2.1;
					};
				};
			};
			buildConfigurationList = FF8C8C33284FB762008DCBB4 /* Build configuration list for PBXProject "BiAffectPreview" */;
			compatibilityVersion = "Xcode 13.0";
			developmentRegion = en;
			hasScannedForEncodings = 0;
			knownRegions = (
				en,
				Base,
			);
			mainGroup = FF8C8C2F284FB762008DCBB4;
			packageReferences = (
				FFBF8B8D284FBECA00D0FDBA /* XCRemoteSwiftPackageReference "BiAffect" */,
				FF069A7628505D20001AE136 /* XCRemoteSwiftPackageReference "MobilePassiveData-SDK" */,
				FF069A7B28505D3A001AE136 /* XCRemoteSwiftPackageReference "AssessmentModelKMM" */,
				FFB964592852752F000BF8CB /* XCRemoteSwiftPackageReference "BridgeClientKMM" */,
			);
			productRefGroup = FF8C8C39284FB762008DCBB4 /* Products */;
			projectDirPath = "";
			projectRoot = "";
			targets = (
				FF8C8C37284FB762008DCBB4 /* BiAffectPreview */,
			);
		};
/* End PBXProject section */

/* Begin PBXResourcesBuildPhase section */
		FF8C8C36284FB762008DCBB4 /* Resources */ = {
			isa = PBXResourcesBuildPhase;
			buildActionMask = 2147483647;
			files = (
				FFBF8B8A284FBDC800D0FDBA /* Go-No-Go.json in Resources */,
				FFBF8B8B284FBDC800D0FDBA /* Images.xcassets in Resources */,
				FFBF8B89284FBDC800D0FDBA /* Trail_Making.json in Resources */,
				FF069A81285252F7001AE136 /* README.md in Resources */,
				FF8C8C43284FB765008DCBB4 /* Preview Assets.xcassets in Resources */,
				FF8C8C40284FB765008DCBB4 /* Assets.xcassets in Resources */,
				FFBF8BAE284FC49000D0FDBA /* Launch.storyboard in Resources */,
			);
			runOnlyForDeploymentPostprocessing = 0;
		};
/* End PBXResourcesBuildPhase section */

/* Begin PBXSourcesBuildPhase section */
		FF8C8C34284FB762008DCBB4 /* Sources */ = {
			isa = PBXSourcesBuildPhase;
			buildActionMask = 2147483647;
			files = (
				FFBF8B8C284FBDC800D0FDBA /* BiAffectSDK.swift in Sources */,
				FFBF8BC4284FC5D100D0FDBA /* MainView.swift in Sources */,
				FF8C8C3E284FB762008DCBB4 /* ContentView.swift in Sources */,
				FFBF8BC5284FC60000D0FDBA /* LaunchView.swift in Sources */,
				FFBF8BC9284FFADC00D0FDBA /* BiAffectAssessmentView.swift in Sources */,
				FFBF8BC0284FC5A700D0FDBA /* OnboardingView.swift in Sources */,
				FFBF8BBE284FC58200D0FDBA /* LoginView.swift in Sources */,
				FF8C8C3C284FB762008DCBB4 /* BiAffectPreviewApp.swift in Sources */,
			);
			runOnlyForDeploymentPostprocessing = 0;
		};
/* End PBXSourcesBuildPhase section */

/* Begin XCBuildConfiguration section */
		FF8C8C44284FB765008DCBB4 /* Debug */ = {
			isa = XCBuildConfiguration;
			buildSettings = {
				ALWAYS_SEARCH_USER_PATHS = NO;
				CLANG_ANALYZER_NONNULL = YES;
				CLANG_ANALYZER_NUMBER_OBJECT_CONVERSION = YES_AGGRESSIVE;
				CLANG_CXX_LANGUAGE_STANDARD = "gnu++17";
				CLANG_CXX_LIBRARY = "libc++";
				CLANG_ENABLE_MODULES = YES;
				CLANG_ENABLE_OBJC_ARC = YES;
				CLANG_ENABLE_OBJC_WEAK = YES;
				CLANG_WARN_BLOCK_CAPTURE_AUTORELEASING = YES;
				CLANG_WARN_BOOL_CONVERSION = YES;
				CLANG_WARN_COMMA = YES;
				CLANG_WARN_CONSTANT_CONVERSION = YES;
				CLANG_WARN_DEPRECATED_OBJC_IMPLEMENTATIONS = YES;
				CLANG_WARN_DIRECT_OBJC_ISA_USAGE = YES_ERROR;
				CLANG_WARN_DOCUMENTATION_COMMENTS = YES;
				CLANG_WARN_EMPTY_BODY = YES;
				CLANG_WARN_ENUM_CONVERSION = YES;
				CLANG_WARN_INFINITE_RECURSION = YES;
				CLANG_WARN_INT_CONVERSION = YES;
				CLANG_WARN_NON_LITERAL_NULL_CONVERSION = YES;
				CLANG_WARN_OBJC_IMPLICIT_RETAIN_SELF = YES;
				CLANG_WARN_OBJC_LITERAL_CONVERSION = YES;
				CLANG_WARN_OBJC_ROOT_CLASS = YES_ERROR;
				CLANG_WARN_QUOTED_INCLUDE_IN_FRAMEWORK_HEADER = YES;
				CLANG_WARN_RANGE_LOOP_ANALYSIS = YES;
				CLANG_WARN_STRICT_PROTOTYPES = YES;
				CLANG_WARN_SUSPICIOUS_MOVE = YES;
				CLANG_WARN_UNGUARDED_AVAILABILITY = YES_AGGRESSIVE;
				CLANG_WARN_UNREACHABLE_CODE = YES;
				CLANG_WARN__DUPLICATE_METHOD_MATCH = YES;
				COPY_PHASE_STRIP = NO;
				DEBUG_INFORMATION_FORMAT = dwarf;
				ENABLE_STRICT_OBJC_MSGSEND = YES;
				ENABLE_TESTABILITY = YES;
				GCC_C_LANGUAGE_STANDARD = gnu11;
				GCC_DYNAMIC_NO_PIC = NO;
				GCC_NO_COMMON_BLOCKS = YES;
				GCC_OPTIMIZATION_LEVEL = 0;
				GCC_PREPROCESSOR_DEFINITIONS = (
					"DEBUG=1",
					"$(inherited)",
				);
				GCC_WARN_64_TO_32_BIT_CONVERSION = YES;
				GCC_WARN_ABOUT_RETURN_TYPE = YES_ERROR;
				GCC_WARN_UNDECLARED_SELECTOR = YES;
				GCC_WARN_UNINITIALIZED_AUTOS = YES_AGGRESSIVE;
				GCC_WARN_UNUSED_FUNCTION = YES;
				GCC_WARN_UNUSED_VARIABLE = YES;
				IPHONEOS_DEPLOYMENT_TARGET = 14.7;
				MTL_ENABLE_DEBUG_INFO = INCLUDE_SOURCE;
				MTL_FAST_MATH = YES;
				ONLY_ACTIVE_ARCH = YES;
				SDKROOT = iphoneos;
				SWIFT_ACTIVE_COMPILATION_CONDITIONS = DEBUG;
				SWIFT_OPTIMIZATION_LEVEL = "-Onone";
			};
			name = Debug;
		};
		FF8C8C45284FB765008DCBB4 /* Release */ = {
			isa = XCBuildConfiguration;
			buildSettings = {
				ALWAYS_SEARCH_USER_PATHS = NO;
				CLANG_ANALYZER_NONNULL = YES;
				CLANG_ANALYZER_NUMBER_OBJECT_CONVERSION = YES_AGGRESSIVE;
				CLANG_CXX_LANGUAGE_STANDARD = "gnu++17";
				CLANG_CXX_LIBRARY = "libc++";
				CLANG_ENABLE_MODULES = YES;
				CLANG_ENABLE_OBJC_ARC = YES;
				CLANG_ENABLE_OBJC_WEAK = YES;
				CLANG_WARN_BLOCK_CAPTURE_AUTORELEASING = YES;
				CLANG_WARN_BOOL_CONVERSION = YES;
				CLANG_WARN_COMMA = YES;
				CLANG_WARN_CONSTANT_CONVERSION = YES;
				CLANG_WARN_DEPRECATED_OBJC_IMPLEMENTATIONS = YES;
				CLANG_WARN_DIRECT_OBJC_ISA_USAGE = YES_ERROR;
				CLANG_WARN_DOCUMENTATION_COMMENTS = YES;
				CLANG_WARN_EMPTY_BODY = YES;
				CLANG_WARN_ENUM_CONVERSION = YES;
				CLANG_WARN_INFINITE_RECURSION = YES;
				CLANG_WARN_INT_CONVERSION = YES;
				CLANG_WARN_NON_LITERAL_NULL_CONVERSION = YES;
				CLANG_WARN_OBJC_IMPLICIT_RETAIN_SELF = YES;
				CLANG_WARN_OBJC_LITERAL_CONVERSION = YES;
				CLANG_WARN_OBJC_ROOT_CLASS = YES_ERROR;
				CLANG_WARN_QUOTED_INCLUDE_IN_FRAMEWORK_HEADER = YES;
				CLANG_WARN_RANGE_LOOP_ANALYSIS = YES;
				CLANG_WARN_STRICT_PROTOTYPES = YES;
				CLANG_WARN_SUSPICIOUS_MOVE = YES;
				CLANG_WARN_UNGUARDED_AVAILABILITY = YES_AGGRESSIVE;
				CLANG_WARN_UNREACHABLE_CODE = YES;
				CLANG_WARN__DUPLICATE_METHOD_MATCH = YES;
				COPY_PHASE_STRIP = NO;
				DEBUG_INFORMATION_FORMAT = "dwarf-with-dsym";
				ENABLE_NS_ASSERTIONS = NO;
				ENABLE_STRICT_OBJC_MSGSEND = YES;
				GCC_C_LANGUAGE_STANDARD = gnu11;
				GCC_NO_COMMON_BLOCKS = YES;
				GCC_WARN_64_TO_32_BIT_CONVERSION = YES;
				GCC_WARN_ABOUT_RETURN_TYPE = YES_ERROR;
				GCC_WARN_UNDECLARED_SELECTOR = YES;
				GCC_WARN_UNINITIALIZED_AUTOS = YES_AGGRESSIVE;
				GCC_WARN_UNUSED_FUNCTION = YES;
				GCC_WARN_UNUSED_VARIABLE = YES;
				IPHONEOS_DEPLOYMENT_TARGET = 14.7;
				MTL_ENABLE_DEBUG_INFO = NO;
				MTL_FAST_MATH = YES;
				SDKROOT = iphoneos;
				SWIFT_COMPILATION_MODE = wholemodule;
				SWIFT_OPTIMIZATION_LEVEL = "-O";
				VALIDATE_PRODUCT = YES;
			};
			name = Release;
		};
		FF8C8C47284FB765008DCBB4 /* Debug */ = {
			isa = XCBuildConfiguration;
			buildSettings = {
				ASSETCATALOG_COMPILER_APPICON_NAME = AppIcon;
				ASSETCATALOG_COMPILER_GLOBAL_ACCENT_COLOR_NAME = AccentColor;
				CODE_SIGN_STYLE = Automatic;
				CURRENT_PROJECT_VERSION = 1;
				DEVELOPMENT_ASSET_PATHS = "\"BiAffectPreview/Preview Content\"";
				DEVELOPMENT_TEAM = KA9Z8R6M6K;
				ENABLE_PREVIEWS = YES;
				GENERATE_INFOPLIST_FILE = YES;
				INFOPLIST_FILE = BiAffectPreview/Info.plist;
				INFOPLIST_KEY_NSMotionUsageDescription = "These sensors measure movement while you are using the app.";
				INFOPLIST_KEY_UIApplicationSceneManifest_Generation = YES;
				INFOPLIST_KEY_UIApplicationSupportsIndirectInputEvents = YES;
				INFOPLIST_KEY_UILaunchScreen_Generation = YES;
				INFOPLIST_KEY_UILaunchStoryboardName = Launch;
				INFOPLIST_KEY_UISupportedInterfaceOrientations = UIInterfaceOrientationPortrait;
				INFOPLIST_KEY_UISupportedInterfaceOrientations_iPad = "UIInterfaceOrientationPortrait UIInterfaceOrientationPortraitUpsideDown UIInterfaceOrientationLandscapeLeft UIInterfaceOrientationLandscapeRight";
				INFOPLIST_KEY_UISupportedInterfaceOrientations_iPhone = "UIInterfaceOrientationPortrait UIInterfaceOrientationLandscapeLeft UIInterfaceOrientationLandscapeRight";
				INFOPLIST_KEY_UIUserInterfaceStyle = Light;
				IPHONEOS_DEPLOYMENT_TARGET = 14.7;
				LD_RUNPATH_SEARCH_PATHS = (
					"$(inherited)",
					"@executable_path/Frameworks",
				);
				MARKETING_VERSION = 1.0;
				PRODUCT_BUNDLE_IDENTIFIER = org.sagebase.BiAffectPreview;
				PRODUCT_NAME = "$(TARGET_NAME)";
				SWIFT_EMIT_LOC_STRINGS = YES;
				SWIFT_VERSION = 5.0;
				TARGETED_DEVICE_FAMILY = 1;
			};
			name = Debug;
		};
		FF8C8C48284FB765008DCBB4 /* Release */ = {
			isa = XCBuildConfiguration;
			buildSettings = {
				ASSETCATALOG_COMPILER_APPICON_NAME = AppIcon;
				ASSETCATALOG_COMPILER_GLOBAL_ACCENT_COLOR_NAME = AccentColor;
				CODE_SIGN_STYLE = Automatic;
				CURRENT_PROJECT_VERSION = 1;
				DEVELOPMENT_ASSET_PATHS = "\"BiAffectPreview/Preview Content\"";
				DEVELOPMENT_TEAM = KA9Z8R6M6K;
				ENABLE_PREVIEWS = YES;
				GENERATE_INFOPLIST_FILE = YES;
				INFOPLIST_FILE = BiAffectPreview/Info.plist;
				INFOPLIST_KEY_NSMotionUsageDescription = "These sensors measure movement while you are using the app.";
				INFOPLIST_KEY_UIApplicationSceneManifest_Generation = YES;
				INFOPLIST_KEY_UIApplicationSupportsIndirectInputEvents = YES;
				INFOPLIST_KEY_UILaunchScreen_Generation = YES;
				INFOPLIST_KEY_UILaunchStoryboardName = Launch;
				INFOPLIST_KEY_UISupportedInterfaceOrientations = UIInterfaceOrientationPortrait;
				INFOPLIST_KEY_UISupportedInterfaceOrientations_iPad = "UIInterfaceOrientationPortrait UIInterfaceOrientationPortraitUpsideDown UIInterfaceOrientationLandscapeLeft UIInterfaceOrientationLandscapeRight";
				INFOPLIST_KEY_UISupportedInterfaceOrientations_iPhone = "UIInterfaceOrientationPortrait UIInterfaceOrientationLandscapeLeft UIInterfaceOrientationLandscapeRight";
				INFOPLIST_KEY_UIUserInterfaceStyle = Light;
				IPHONEOS_DEPLOYMENT_TARGET = 14.7;
				LD_RUNPATH_SEARCH_PATHS = (
					"$(inherited)",
					"@executable_path/Frameworks",
				);
				MARKETING_VERSION = 1.0;
				PRODUCT_BUNDLE_IDENTIFIER = org.sagebase.BiAffectPreview;
				PRODUCT_NAME = "$(TARGET_NAME)";
				SWIFT_EMIT_LOC_STRINGS = YES;
				SWIFT_VERSION = 5.0;
				TARGETED_DEVICE_FAMILY = 1;
			};
			name = Release;
		};
/* End XCBuildConfiguration section */

/* Begin XCConfigurationList section */
		FF8C8C33284FB762008DCBB4 /* Build configuration list for PBXProject "BiAffectPreview" */ = {
			isa = XCConfigurationList;
			buildConfigurations = (
				FF8C8C44284FB765008DCBB4 /* Debug */,
				FF8C8C45284FB765008DCBB4 /* Release */,
			);
			defaultConfigurationIsVisible = 0;
			defaultConfigurationName = Release;
		};
		FF8C8C46284FB765008DCBB4 /* Build configuration list for PBXNativeTarget "BiAffectPreview" */ = {
			isa = XCConfigurationList;
			buildConfigurations = (
				FF8C8C47284FB765008DCBB4 /* Debug */,
				FF8C8C48284FB765008DCBB4 /* Release */,
			);
			defaultConfigurationIsVisible = 0;
			defaultConfigurationName = Release;
		};
/* End XCConfigurationList section */

/* Begin XCRemoteSwiftPackageReference section */
		FF069A7628505D20001AE136 /* XCRemoteSwiftPackageReference "MobilePassiveData-SDK" */ = {
			isa = XCRemoteSwiftPackageReference;
			repositoryURL = "https://github.com/Sage-Bionetworks/MobilePassiveData-SDK.git";
			requirement = {
				kind = upToNextMajorVersion;
				minimumVersion = 1.2.4;
			};
		};
		FF069A7B28505D3A001AE136 /* XCRemoteSwiftPackageReference "AssessmentModelKMM" */ = {
			isa = XCRemoteSwiftPackageReference;
			repositoryURL = "https://github.com/Sage-Bionetworks/AssessmentModelKMM.git";
			requirement = {
				kind = upToNextMajorVersion;
				minimumVersion = 0.7.1;
			};
		};
		FFB964592852752F000BF8CB /* XCRemoteSwiftPackageReference "BridgeClientKMM" */ = {
			isa = XCRemoteSwiftPackageReference;
			repositoryURL = "https://github.com/Sage-Bionetworks/BridgeClientKMM.git";
			requirement = {
				kind = upToNextMajorVersion;
				minimumVersion = 0.5.4;
			};
		};
		FFBF8B8D284FBECA00D0FDBA /* XCRemoteSwiftPackageReference "BiAffect" */ = {
			isa = XCRemoteSwiftPackageReference;
			repositoryURL = "https://syoung-smallwisdom@github.com/BiAffect/BiAffect.git";
			requirement = {
				branch = "private-keys";
				kind = branch;
			};
		};
/* End XCRemoteSwiftPackageReference section */

/* Begin XCSwiftPackageProductDependency section */
		FF069A7728505D20001AE136 /* MobilePassiveData */ = {
			isa = XCSwiftPackageProductDependency;
			package = FF069A7628505D20001AE136 /* XCRemoteSwiftPackageReference "MobilePassiveData-SDK" */;
			productName = MobilePassiveData;
		};
		FF069A7928505D20001AE136 /* MotionSensor */ = {
			isa = XCSwiftPackageProductDependency;
			package = FF069A7628505D20001AE136 /* XCRemoteSwiftPackageReference "MobilePassiveData-SDK" */;
			productName = MotionSensor;
		};
		FF069A7C28505D3A001AE136 /* AssessmentModel */ = {
			isa = XCSwiftPackageProductDependency;
			package = FF069A7B28505D3A001AE136 /* XCRemoteSwiftPackageReference "AssessmentModelKMM" */;
			productName = AssessmentModel;
		};
		FF069A7E28505D3A001AE136 /* AssessmentModelUI */ = {
			isa = XCSwiftPackageProductDependency;
			package = FF069A7B28505D3A001AE136 /* XCRemoteSwiftPackageReference "AssessmentModelKMM" */;
			productName = AssessmentModelUI;
		};
		FFB9645A2852752F000BF8CB /* BridgeClient */ = {
			isa = XCSwiftPackageProductDependency;
			package = FFB964592852752F000BF8CB /* XCRemoteSwiftPackageReference "BridgeClientKMM" */;
			productName = BridgeClient;
		};
		FFBF8B8E284FBECA00D0FDBA /* PrivateKeys */ = {
			isa = XCSwiftPackageProductDependency;
			package = FFBF8B8D284FBECA00D0FDBA /* XCRemoteSwiftPackageReference "BiAffect" */;
			productName = PrivateKeys;
		};
/* End XCSwiftPackageProductDependency section */
	};
	rootObject = FF8C8C30284FB762008DCBB4 /* Project object */;
}
