{
  "object": {
    "pins": [
      {
        "package": "JsonModel",
        "repositoryURL": "https://github.com/Sage-Bionetworks/JsonModel-Swift.git",
        "state": {
          "branch": null,
          "revision": "996d4807c42f0660c62b4cec0f95230dd1341639",
          "version": "1.5.0"
        }
      },
      {
        "package": "SharedMobileUI",
        "repositoryURL": "https://github.com/Sage-Bionetworks/SharedMobileUI-AppleOS.git",
        "state": {
          "branch": null,
          "revision": "a3c4ff73d2b222d5a246f617d5c2b062eb3abfe4",
          "version": "0.17.0"
        }
      }
    ]
  },
  "version": 1
}
